
Microsoft Visual Studio Solution File, Format Version 12.00
# Visual Studio Version 17
VisualStudioVersion = 17.8.34408.163
MinimumVisualStudioVersion = 10.0.40219.1
Project("{9A19103F-16F7-4668-BE54-9A1E7A4F7556}") = "QuickBites", "QuickBites\QuickBites.csproj", "{A49ED976-83A8-4686-8978-92412C367356}"
EndProject
Project("{9A19103F-16F7-4668-BE54-9A1E7A4F7556}") = "Quick.DataAccess", "Quick.DataAccess\Quick.DataAccess.csproj", "{83D9375D-AC24-4BA1-8FE7-5E20B78077FC}"
EndProject
Project("{9A19103F-16F7-4668-BE54-9A1E7A4F7556}") = "Quick.Models", "Quick.Models\Quick.Models.csproj", "{F01C5414-024A-48F8-A117-E9135E51700B}"
EndProject
Project("{9A19103F-16F7-4668-BE54-9A1E7A4F7556}") = "Quick.Utility", "Quick.Utility\Quick.Utility.csproj", "{5E368C10-7082-40B6-824E-A92D0D3878E9}"
EndProject
Global
	GlobalSection(SolutionConfigurationPlatforms) = preSolution
		Debug|Any CPU = Debug|Any CPU
		Release|Any CPU = Release|Any CPU
	EndGlobalSection
	GlobalSection(ProjectConfigurationPlatforms) = postSolution
		{A49ED976-83A8-4686-8978-92412C367356}.Debug|Any CPU.ActiveCfg = Debug|Any CPU
		{A49ED976-83A8-4686-8978-92412C367356}.Debug|Any CPU.Build.0 = Debug|Any CPU
		{A49ED976-83A8-4686-8978-92412C367356}.Release|Any CPU.ActiveCfg = Release|Any CPU
		{A49ED976-83A8-4686-8978-92412C367356}.Release|Any CPU.Build.0 = Release|Any CPU
		{83D9375D-AC24-4BA1-8FE7-5E20B78077FC}.Debug|Any CPU.ActiveCfg = Debug|Any CPU
		{83D9375D-AC24-4BA1-8FE7-5E20B78077FC}.Debug|Any CPU.Build.0 = Debug|Any CPU
		{83D9375D-AC24-4BA1-8FE7-5E20B78077FC}.Release|Any CPU.ActiveCfg = Release|Any CPU
		{83D9375D-AC24-4BA1-8FE7-5E20B78077FC}.Release|Any CPU.Build.0 = Release|Any CPU
		{F01C5414-024A-48F8-A117-E9135E51700B}.Debug|Any CPU.ActiveCfg = Debug|Any CPU
		{F01C5414-024A-48F8-A117-E9135E51700B}.Debug|Any CPU.Build.0 = Debug|Any CPU
		{F01C5414-024A-48F8-A117-E9135E51700B}.Release|Any CPU.ActiveCfg = Release|Any CPU
		{F01C5414-024A-48F8-A117-E9135E51700B}.Release|Any CPU.Build.0 = Release|Any CPU
		{5E368C10-7082-40B6-824E-A92D0D3878E9}.Debug|Any CPU.ActiveCfg = Debug|Any CPU
		{5E368C10-7082-40B6-824E-A92D0D3878E9}.Debug|Any CPU.Build.0 = Debug|Any CPU
		{5E368C10-7082-40B6-824E-A92D0D3878E9}.Release|Any CPU.ActiveCfg = Release|Any CPU
		{5E368C10-7082-40B6-824E-A92D0D3878E9}.Release|Any CPU.Build.0 = Release|Any CPU
	EndGlobalSection
	GlobalSection(SolutionProperties) = preSolution
		HideSolutionNode = FALSE
	EndGlobalSection
	GlobalSection(ExtensibilityGlobals) = postSolution
		SolutionGuid = {F9A7FB94-5139-49AF-BFB0-DCEC7AC9ED0D}
	EndGlobalSection
EndGlobal
